
Microsoft Visual Studio Solution File, Format Version 12.00
# Visual Studio Version 17
VisualStudioVersion = 17.5.33424.131
MinimumVisualStudioVersion = 10.0.40219.1
Project("{FAE04EC0-301F-11D3-BF4B-00C04F79EFBC}") = "FormProject.Domain", "FormProject.Domain\FormProject.Domain.csproj", "{A19B17DB-13E0-4D91-B810-C70E0809E9FA}"
EndProject
Project("{FAE04EC0-301F-11D3-BF4B-00C04F79EFBC}") = "FormProject.Infrastructure", "FormProject.Infrastructure\FormProject.Infrastructure.csproj", "{BC1545CC-57B4-45A7-9955-B36D234EB6AA}"
EndProject
Project("{FAE04EC0-301F-11D3-BF4B-00C04F79EFBC}") = "FormProject.Application", "FormProject.Application\FormProject.Application.csproj", "{8E5E6557-D689-4F73-9B88-E247A044FA22}"
EndProject
Project("{FAE04EC0-301F-11D3-BF4B-00C04F79EFBC}") = "FormProject.Presentation", "FormProject.Presentation\FormProject.Presentation.csproj", "{FB2BB7ED-0155-44CA-B17F-6495FA7FBE7B}"
EndProject
Global
	GlobalSection(SolutionConfigurationPlatforms) = preSolution
		Debug|Any CPU = Debug|Any CPU
		Release|Any CPU = Release|Any CPU
	EndGlobalSection
	GlobalSection(ProjectConfigurationPlatforms) = postSolution
		{A19B17DB-13E0-4D91-B810-C70E0809E9FA}.Debug|Any CPU.ActiveCfg = Debug|Any CPU
		{A19B17DB-13E0-4D91-B810-C70E0809E9FA}.Debug|Any CPU.Build.0 = Debug|Any CPU
		{A19B17DB-13E0-4D91-B810-C70E0809E9FA}.Release|Any CPU.ActiveCfg = Release|Any CPU
		{A19B17DB-13E0-4D91-B810-C70E0809E9FA}.Release|Any CPU.Build.0 = Release|Any CPU
		{BC1545CC-57B4-45A7-9955-B36D234EB6AA}.Debug|Any CPU.ActiveCfg = Debug|Any CPU
		{BC1545CC-57B4-45A7-9955-B36D234EB6AA}.Debug|Any CPU.Build.0 = Debug|Any CPU
		{BC1545CC-57B4-45A7-9955-B36D234EB6AA}.Release|Any CPU.ActiveCfg = Release|Any CPU
		{BC1545CC-57B4-45A7-9955-B36D234EB6AA}.Release|Any CPU.Build.0 = Release|Any CPU
		{8E5E6557-D689-4F73-9B88-E247A044FA22}.Debug|Any CPU.ActiveCfg = Debug|Any CPU
		{8E5E6557-D689-4F73-9B88-E247A044FA22}.Debug|Any CPU.Build.0 = Debug|Any CPU
		{8E5E6557-D689-4F73-9B88-E247A044FA22}.Release|Any CPU.ActiveCfg = Release|Any CPU
		{8E5E6557-D689-4F73-9B88-E247A044FA22}.Release|Any CPU.Build.0 = Release|Any CPU
		{FB2BB7ED-0155-44CA-B17F-6495FA7FBE7B}.Debug|Any CPU.ActiveCfg = Debug|Any CPU
		{FB2BB7ED-0155-44CA-B17F-6495FA7FBE7B}.Debug|Any CPU.Build.0 = Debug|Any CPU
		{FB2BB7ED-0155-44CA-B17F-6495FA7FBE7B}.Release|Any CPU.ActiveCfg = Release|Any CPU
		{FB2BB7ED-0155-44CA-B17F-6495FA7FBE7B}.Release|Any CPU.Build.0 = Release|Any CPU
	EndGlobalSection
	GlobalSection(SolutionProperties) = preSolution
		HideSolutionNode = FALSE
	EndGlobalSection
	GlobalSection(ExtensibilityGlobals) = postSolution
		SolutionGuid = {329DFFAB-8E2D-47DC-8176-6B1184DDEB69}
	EndGlobalSection
EndGlobal
